<Solution>
  <Folder Name="/SolutionFolder/">
    <File Path=".editorconfig" />
    <File Path=".github\workflows\nuget-publish.yml" />
    <File Path=".gitignore" />
    <File Path="Directory.Build.props" />
    <File Path="Directory.Packages.props" />
  </Folder>
  <Project Path="Core/Core.csproj" />
  <Project Path="Framework/Framework.csproj" />
  <Project Path="Shared.SharedKernel\Shared.SharedKernel.csproj" />
</Solution>